
Microsoft Visual Studio Solution File, Format Version 12.00
# Visual Studio Version 17
VisualStudioVersion = 17.3.32811.315
MinimumVisualStudioVersion = 10.0.40219.1
Project("{9A19103F-16F7-4668-BE54-9A1E7A4F7556}") = "Prdec", "Prdec\Prdec.csproj", "{136AC5A5-5509-4428-A444-1241B3510499}"
EndProject
Project("{9A19103F-16F7-4668-BE54-9A1E7A4F7556}") = "Prdec.Tests", "Prdec.Tests\Prdec.Tests.csproj", "{A1720C26-2046-4C25-B2C3-A829F0CF0CB1}"
EndProject
Project("{2150E333-8FDC-42A3-9474-1A3956D46DE8}") = "Misc", "Misc", "{5AC32BAA-8066-46CB-B852-1287A4327733}"
	ProjectSection(SolutionItems) = preProject
		..\.gitignore = ..\.gitignore
		..\LICENSE = ..\LICENSE
		..\README.md = ..\README.md
	EndProjectSection
EndProject
Global
	GlobalSection(SolutionConfigurationPlatforms) = preSolution
		Debug|Any CPU = Debug|Any CPU
		Release|Any CPU = Release|Any CPU
	EndGlobalSection
	GlobalSection(ProjectConfigurationPlatforms) = postSolution
		{136AC5A5-5509-4428-A444-1241B3510499}.Debug|Any CPU.ActiveCfg = Debug|Any CPU
		{136AC5A5-5509-4428-A444-1241B3510499}.Debug|Any CPU.Build.0 = Debug|Any CPU
		{136AC5A5-5509-4428-A444-1241B3510499}.Release|Any CPU.ActiveCfg = Release|Any CPU
		{136AC5A5-5509-4428-A444-1241B3510499}.Release|Any CPU.Build.0 = Release|Any CPU
		{A1720C26-2046-4C25-B2C3-A829F0CF0CB1}.Debug|Any CPU.ActiveCfg = Debug|Any CPU
		{A1720C26-2046-4C25-B2C3-A829F0CF0CB1}.Debug|Any CPU.Build.0 = Debug|Any CPU
		{A1720C26-2046-4C25-B2C3-A829F0CF0CB1}.Release|Any CPU.ActiveCfg = Release|Any CPU
		{A1720C26-2046-4C25-B2C3-A829F0CF0CB1}.Release|Any CPU.Build.0 = Release|Any CPU
	EndGlobalSection
	GlobalSection(SolutionProperties) = preSolution
		HideSolutionNode = FALSE
	EndGlobalSection
	GlobalSection(ExtensibilityGlobals) = postSolution
		SolutionGuid = {38380C5E-C571-4359-ACB3-FE42B04A841B}
	EndGlobalSection
EndGlobal
